
Microsoft Visual Studio Solution File, Format Version 12.00
# Visual Studio 14
VisualStudioVersion = 14.0.24720.0
MinimumVisualStudioVersion = 10.0.40219.1
Project("{888888A0-9F3D-457C-B088-3A5042F75D52}") = "Ufit", "Ufit.pyproj", "{8339AD01-44BF-41B0-A843-0BD1E61DF5BB}"
EndProject
Project("{888888A0-9F3D-457C-B088-3A5042F75D52}") = "QCoverage", "qcoverage\QCoverage.pyproj", "{BB700DB8-858F-47AA-AB8F-8F6B604D683B}"
EndProject
Global
	GlobalSection(SolutionConfigurationPlatforms) = preSolution
		Debug|Any CPU = Debug|Any CPU
		Release|Any CPU = Release|Any CPU
	EndGlobalSection
	GlobalSection(ProjectConfigurationPlatforms) = postSolution
		{8339AD01-44BF-41B0-A843-0BD1E61DF5BB}.Debug|Any CPU.ActiveCfg = Debug|Any CPU
		{8339AD01-44BF-41B0-A843-0BD1E61DF5BB}.Release|Any CPU.ActiveCfg = Release|Any CPU
		{BB700DB8-858F-47AA-AB8F-8F6B604D683B}.Debug|Any CPU.ActiveCfg = Debug|Any CPU
		{BB700DB8-858F-47AA-AB8F-8F6B604D683B}.Release|Any CPU.ActiveCfg = Release|Any CPU
	EndGlobalSection
	GlobalSection(SolutionProperties) = preSolution
		HideSolutionNode = FALSE
	EndGlobalSection
EndGlobal
